
Microsoft Visual Studio Solution File, Format Version 12.00
# Visual Studio Version 16
VisualStudioVersion = 16.0.30128.74
MinimumVisualStudioVersion = 10.0.40219.1
Project("{FAE04EC0-301F-11D3-BF4B-00C04F79EFBC}") = "XmlServices", "XmlServices\XmlServices.csproj", "{3F247227-995B-4B93-BAE5-3003080405BF}"
EndProject
Global
	GlobalSection(SolutionConfigurationPlatforms) = preSolution
		Debug|Any CPU = Debug|Any CPU
		Release|Any CPU = Release|Any CPU
	EndGlobalSection
	GlobalSection(ProjectConfigurationPlatforms) = postSolution
		{3F247227-995B-4B93-BAE5-3003080405BF}.Debug|Any CPU.ActiveCfg = Debug|Any CPU
		{3F247227-995B-4B93-BAE5-3003080405BF}.Debug|Any CPU.Build.0 = Debug|Any CPU
		{3F247227-995B-4B93-BAE5-3003080405BF}.Release|Any CPU.ActiveCfg = Release|Any CPU
		{3F247227-995B-4B93-BAE5-3003080405BF}.Release|Any CPU.Build.0 = Release|Any CPU
	EndGlobalSection
	GlobalSection(SolutionProperties) = preSolution
		HideSolutionNode = FALSE
	EndGlobalSection
	GlobalSection(ExtensibilityGlobals) = postSolution
		SolutionGuid = {0C9FAF70-39CA-4572-B09B-59F51B49C34E}
	EndGlobalSection
EndGlobal
